apiVersion: projectcalico.org/v3
kind: GlobalNetworkPolicy
metadata:
  name: security.threatfeed
spec:
  tier: security
  order: 200
  selector: quarantine != "true"
  namespaceSelector: ''
  serviceAccountSelector: ''
  egress:
    - action: Allow
      protocol: UDP
      source: {}
      destination:
        selector: all()
        namespaceSelector: all()
        ports:
          - '53'
    - action: Deny
      source: {}
      destination:
        selector: threatfeed == "feodo"
  doNotTrack: false
  applyOnForward: false
  preDNAT: false
  types:
    - Egress
